
Microsoft Visual Studio Solution File, Format Version 12.00
# Visual Studio Version 16
VisualStudioVersion = 16.0.30011.22
MinimumVisualStudioVersion = 10.0.40219.1
Project("{FAE04EC0-301F-11D3-BF4B-00C04F79EFBC}") = "SyncDB", "SyncDB.csproj", "{333C6C94-2C22-447F-8E0A-524136FEF545}"
EndProject
Global
	GlobalSection(SolutionConfigurationPlatforms) = preSolution
		Debug|Any CPU = Debug|Any CPU
		Release|Any CPU = Release|Any CPU
	EndGlobalSection
	GlobalSection(ProjectConfigurationPlatforms) = postSolution
		{333C6C94-2C22-447F-8E0A-524136FEF545}.Debug|Any CPU.ActiveCfg = Debug|Any CPU
		{333C6C94-2C22-447F-8E0A-524136FEF545}.Debug|Any CPU.Build.0 = Debug|Any CPU
		{333C6C94-2C22-447F-8E0A-524136FEF545}.Release|Any CPU.ActiveCfg = Release|Any CPU
		{333C6C94-2C22-447F-8E0A-524136FEF545}.Release|Any CPU.Build.0 = Release|Any CPU
	EndGlobalSection
	GlobalSection(SolutionProperties) = preSolution
		HideSolutionNode = FALSE
	EndGlobalSection
	GlobalSection(ExtensibilityGlobals) = postSolution
		SolutionGuid = {83E7F96E-745A-4FA9-A27A-1A1E14AE29FD}
	EndGlobalSection
EndGlobal
